
Microsoft Visual Studio Solution File, Format Version 12.00
# Visual Studio Version 16
VisualStudioVersion = 16.0.29609.76
MinimumVisualStudioVersion = 10.0.40219.1
Project("{FAE04EC0-301F-11D3-BF4B-00C04F79EFBC}") = "Common", "Common\Common.csproj", "{1036249B-DA6C-4CC8-9661-A2304EE2132F}"
EndProject
Global
	GlobalSection(SolutionConfigurationPlatforms) = preSolution
		Debug|Any CPU = Debug|Any CPU
		Release|Any CPU = Release|Any CPU
	EndGlobalSection
	GlobalSection(ProjectConfigurationPlatforms) = postSolution
		{1036249B-DA6C-4CC8-9661-A2304EE2132F}.Debug|Any CPU.ActiveCfg = Debug|Any CPU
		{1036249B-DA6C-4CC8-9661-A2304EE2132F}.Debug|Any CPU.Build.0 = Debug|Any CPU
		{1036249B-DA6C-4CC8-9661-A2304EE2132F}.Release|Any CPU.ActiveCfg = Release|Any CPU
		{1036249B-DA6C-4CC8-9661-A2304EE2132F}.Release|Any CPU.Build.0 = Release|Any CPU
	EndGlobalSection
	GlobalSection(SolutionProperties) = preSolution
		HideSolutionNode = FALSE
	EndGlobalSection
	GlobalSection(ExtensibilityGlobals) = postSolution
		SolutionGuid = {B7DE504F-D2C6-400B-8DB1-FD2359E00426}
	EndGlobalSection
EndGlobal
